
Microsoft Visual Studio Solution File, Format Version 12.00
# Visual Studio Version 17
VisualStudioVersion = 17.5.002.0
MinimumVisualStudioVersion = 10.0.40219.1
Project("{9A19103F-16F7-4668-BE54-9A1E7A4F7556}") = "Chiron", "Chiron\Chiron.csproj", "{DAE6E83E-FBCC-4367-8072-9AF5A261347B}"
EndProject
Global
	GlobalSection(SolutionConfigurationPlatforms) = preSolution
		Debug|Any CPU = Debug|Any CPU
		Release|Any CPU = Release|Any CPU
	EndGlobalSection
	GlobalSection(ProjectConfigurationPlatforms) = postSolution
		{DAE6E83E-FBCC-4367-8072-9AF5A261347B}.Debug|Any CPU.ActiveCfg = Debug|Any CPU
		{DAE6E83E-FBCC-4367-8072-9AF5A261347B}.Debug|Any CPU.Build.0 = Debug|Any CPU
		{DAE6E83E-FBCC-4367-8072-9AF5A261347B}.Release|Any CPU.ActiveCfg = Release|Any CPU
		{DAE6E83E-FBCC-4367-8072-9AF5A261347B}.Release|Any CPU.Build.0 = Release|Any CPU
	EndGlobalSection
	GlobalSection(SolutionProperties) = preSolution
		HideSolutionNode = FALSE
	EndGlobalSection
	GlobalSection(ExtensibilityGlobals) = postSolution
		SolutionGuid = {AB74BADB-F38C-41D5-845B-D83E9E90D8E9}
	EndGlobalSection
EndGlobal
